
Microsoft Visual Studio Solution File, Format Version 12.00
# Visual Studio 15
Project("{FAE04EC0-301F-11D3-BF4B-00C04F79EFBC}") = "KiwiProg.EnvironmentVariables", "KiwiProg.EnvironmentVariables\KiwiProg.EnvironmentVariables.csproj", "{01B75320-CE13-4ECA-AE71-15C7A4DBD3E8}"
EndProject
Project("{FAE04EC0-301F-11D3-BF4B-00C04F79EFBC}") = "KiwiProg.EnvironmentVariables.Tests", "KiwiProg.EnvironmentVariables.Tests\KiwiProg.EnvironmentVariables.Tests.csproj", "{2B0B44CB-3138-4D81-9B4B-3E7260F7B6D6}"
EndProject
Global
	GlobalSection(SolutionConfigurationPlatforms) = preSolution
		Debug|Any CPU = Debug|Any CPU
		Release|Any CPU = Release|Any CPU
	EndGlobalSection
	GlobalSection(ProjectConfigurationPlatforms) = postSolution
		{01B75320-CE13-4ECA-AE71-15C7A4DBD3E8}.Debug|Any CPU.ActiveCfg = Debug|Any CPU
		{01B75320-CE13-4ECA-AE71-15C7A4DBD3E8}.Debug|Any CPU.Build.0 = Debug|Any CPU
		{01B75320-CE13-4ECA-AE71-15C7A4DBD3E8}.Release|Any CPU.ActiveCfg = Release|Any CPU
		{01B75320-CE13-4ECA-AE71-15C7A4DBD3E8}.Release|Any CPU.Build.0 = Release|Any CPU
		{2B0B44CB-3138-4D81-9B4B-3E7260F7B6D6}.Debug|Any CPU.ActiveCfg = Debug|Any CPU
		{2B0B44CB-3138-4D81-9B4B-3E7260F7B6D6}.Debug|Any CPU.Build.0 = Debug|Any CPU
		{2B0B44CB-3138-4D81-9B4B-3E7260F7B6D6}.Release|Any CPU.ActiveCfg = Release|Any CPU
		{2B0B44CB-3138-4D81-9B4B-3E7260F7B6D6}.Release|Any CPU.Build.0 = Release|Any CPU
	EndGlobalSection
EndGlobal
